<?xml version="1.0" encoding="utf-8"?>
<Project ToolsVersion="4.0" xmlns="http://schemas.microsoft.com/developer/msbuild/2003">
  <ItemGroup>
    <Filter Include="Source Files">
      <UniqueIdentifier>{4FC737F1-C7A5-4376-A066-2A32D752A2FF}</UniqueIdentifier>
      <Extensions>cpp;c;cc;cxx;def;odl;idl;hpj;bat;asm;asmx</Extensions>
    </Filter>
    <Filter Include="Header Files">
      <UniqueIdentifier>{93995380-89BD-4b04-88EB-625FBE52EBFB}</UniqueIdentifier>
      <Extensions>h;hh;hpp;hxx;hm;inl;inc;ipp;xsd</Extensions>
    </Filter>
    <Filter Include="Resource Files">
      <UniqueIdentifier>{67DA6AB6-F800-4c08-8B7A-83BB121AAD01}</UniqueIdentifier>
      <Extensions>rc;ico;cur;bmp;dlg;rc2;rct;bin;rgs;gif;jpg;jpeg;jpe;resx;tiff;tif;png;wav;mfcribbon-ms</Extensions>
    </Filter>
  </ItemGroup>
  <ItemGroup>
    <ClCompile Include="window.cpp">
      <Filter>Source Files</Filter>
    </ClCompile>
    <ClCompile Include="launcher.cpp">
      <Filter>Source Files</Filter>
    </ClCompile>
    <ClCompile Include="whale.cpp">
      <Filter>Source Files</Filter>
    </ClCompile>
    <ClCompile Include="dino.c">
      <Filter>Source Files</Filter>
    </ClCompile>
    <ClCompile Include="texload.c">
      <Filter>Source Files</Filter>
    </ClCompile>
    <ClCompile Include="underwater.c">
      <Filter>Source Files</Filter>
    </ClCompile>
  </ItemGroup>
  <ItemGroup>
    <ClInclude Include="includes.h">
      <Filter>Header Files</Filter>
    </ClInclude>
    <ClInclude Include="vector3.h">
      <Filter>Header Files</Filter>
    </ClInclude>
    <ClInclude Include="window.h">
      <Filter>Header Files</Filter>
    </ClInclude>
    <ClInclude Include="vertex.h">
      <Filter>Header Files</Filter>
    </ClInclude>
    <ClInclude Include="whale.h">
      <Filter>Header Files</Filter>
    </ClInclude>
    <ClInclude Include="dino.h">
      <Filter>Header Files</Filter>
    </ClInclude>
    <ClInclude Include="texload.h">
      <Filter>Header Files</Filter>
    </ClInclude>
  </ItemGroup>
  <ItemGroup>
    <None Include="floor.rgb" />
    <None Include="caust20.bw" />
    <None Include="caust21.bw" />
    <None Include="caust22.bw" />
    <None Include="caust23.bw" />
    <None Include="caust24.bw" />
    <None Include="caust25.bw" />
    <None Include="caust26.bw" />
    <None Include="caust27.bw" />
    <None Include="caust28.bw" />
    <None Include="caust29.bw" />
    <None Include="caust30.bw" />
    <None Include="caust31.bw" />
    <None Include="caust00.bw" />
    <None Include="caust01.bw" />
    <None Include="caust02.bw" />
    <None Include="caust03.bw" />
    <None Include="caust04.bw" />
    <None Include="caust05.bw" />
    <None Include="caust06.bw" />
    <None Include="caust07.bw" />
    <None Include="caust08.bw" />
    <None Include="caust09.bw" />
    <None Include="caust10.bw" />
    <None Include="caust11.bw" />
    <None Include="caust12.bw" />
    <None Include="caust13.bw" />
    <None Include="caust14.bw" />
    <None Include="caust15.bw" />
    <None Include="caust16.bw" />
    <None Include="caust17.bw" />
    <None Include="caust18.bw" />
    <None Include="caust19.bw" />
  </ItemGroup>
</Project>